// !$*UTF8*$!
{
	archiveVersion = 1;
	classes = {
	};
	objectVersion = 50;
	objects = {

/* Begin PBXBuildFile section */
		95A52E9F243486E200DE2865 /* AppDelegate.swift in Sources */ = {isa = PBXBuildFile; fileRef = 95A52E9E243486E200DE2865 /* AppDelegate.swift */; };
		95A52EA1243486E200DE2865 /* SceneDelegate.swift in Sources */ = {isa = PBXBuildFile; fileRef = 95A52EA0243486E200DE2865 /* SceneDelegate.swift */; };
		95A52EA3243486E200DE2865 /* ContentView.swift in Sources */ = {isa = PBXBuildFile; fileRef = 95A52EA2243486E200DE2865 /* ContentView.swift */; };
		95A52EA5243486E400DE2865 /* Assets.xcassets in Resources */ = {isa = PBXBuildFile; fileRef = 95A52EA4243486E400DE2865 /* Assets.xcassets */; };
		95A52EA8243486E400DE2865 /* Preview Assets.xcassets in Resources */ = {isa = PBXBuildFile; fileRef = 95A52EA7243486E400DE2865 /* Preview Assets.xcassets */; };
		95A52EAB243486E400DE2865 /* LaunchScreen.storyboard in Resources */ = {isa = PBXBuildFile; fileRef = 95A52EA9243486E400DE2865 /* LaunchScreen.storyboard */; };
		95A52EB32434870E00DE2865 /* Constants.swift in Sources */ = {isa = PBXBuildFile; fileRef = 95A52EB22434870E00DE2865 /* Constants.swift */; };
		95A52EB52434889E00DE2865 /* ViewRouter.swift in Sources */ = {isa = PBXBuildFile; fileRef = 95A52EB42434889E00DE2865 /* ViewRouter.swift */; };
		95A52EB9243489B900DE2865 /* MotherView.swift in Sources */ = {isa = PBXBuildFile; fileRef = 95A52EB8243489B900DE2865 /* MotherView.swift */; };
		95A52EBB24348A2200DE2865 /* HomeView.swift in Sources */ = {isa = PBXBuildFile; fileRef = 95A52EBA24348A2200DE2865 /* HomeView.swift */; };
/* End PBXBuildFile section */

/* Begin PBXFileReference section */
		95A52E9B243486E200DE2865 /* AutoValidatingTextFields.app */ = {isa = PBXFileReference; explicitFileType = wrapper.application; includeInIndex = 0; path = AutoValidatingTextFields.app; sourceTree = BUILT_PRODUCTS_DIR; };
		95A52E9E243486E200DE2865 /* AppDelegate.swift */ = {isa = PBXFileReference; lastKnownFileType = sourcecode.swift; path = AppDelegate.swift; sourceTree = "<group>"; };
		95A52EA0243486E200DE2865 /* SceneDelegate.swift */ = {isa = PBXFileReference; lastKnownFileType = sourcecode.swift; path = SceneDelegate.swift; sourceTree = "<group>"; };
		95A52EA2243486E200DE2865 /* ContentView.swift */ = {isa = PBXFileReference; lastKnownFileType = sourcecode.swift; path = ContentView.swift; sourceTree = "<group>"; };
		95A52EA4243486E400DE2865 /* Assets.xcassets */ = {isa = PBXFileReference; lastKnownFileType = folder.assetcatalog; path = Assets.xcassets; sourceTree = "<group>"; };
		95A52EA7243486E400DE2865 /* Preview Assets.xcassets */ = {isa = PBXFileReference; lastKnownFileType = folder.assetcatalog; path = "Preview Assets.xcassets"; sourceTree = "<group>"; };
		95A52EAA243486E400DE2865 /* Base */ = {isa = PBXFileReference; lastKnownFileType = file.storyboard; name = Base; path = Base.lproj/LaunchScreen.storyboard; sourceTree = "<group>"; };
		95A52EAC243486E400DE2865 /* Info.plist */ = {isa = PBXFileReference; lastKnownFileType = text.plist.xml; path = Info.plist; sourceTree = "<group>"; };
		95A52EB22434870E00DE2865 /* Constants.swift */ = {isa = PBXFileReference; lastKnownFileType = sourcecode.swift; path = Constants.swift; sourceTree = "<group>"; };
		95A52EB42434889E00DE2865 /* ViewRouter.swift */ = {isa = PBXFileReference; lastKnownFileType = sourcecode.swift; path = ViewRouter.swift; sourceTree = "<group>"; };
		95A52EB8243489B900DE2865 /* MotherView.swift */ = {isa = PBXFileReference; lastKnownFileType = sourcecode.swift; path = MotherView.swift; sourceTree = "<group>"; };
		95A52EBA24348A2200DE2865 /* HomeView.swift */ = {isa = PBXFileReference; lastKnownFileType = sourcecode.swift; path = HomeView.swift; sourceTree = "<group>"; };
/* End PBXFileReference section */

/* Begin PBXFrameworksBuildPhase section */
		95A52E98243486E200DE2865 /* Frameworks */ = {
			isa = PBXFrameworksBuildPhase;
			buildActionMask = 2147483647;
			files = (
			);
			runOnlyForDeploymentPostprocessing = 0;
		};
/* End PBXFrameworksBuildPhase section */

/* Begin PBXGroup section */
		95A52E92243486E200DE2865 = {
			isa = PBXGroup;
			children = (
				95A52E9D243486E200DE2865 /* AutoValidatingTextFields */,
				95A52E9C243486E200DE2865 /* Products */,
			);
			sourceTree = "<group>";
		};
		95A52E9C243486E200DE2865 /* Products */ = {
			isa = PBXGroup;
			children = (
				95A52E9B243486E200DE2865 /* AutoValidatingTextFields.app */,
			);
			name = Products;
			sourceTree = "<group>";
		};
		95A52E9D243486E200DE2865 /* AutoValidatingTextFields */ = {
			isa = PBXGroup;
			children = (
				95A52E9E243486E200DE2865 /* AppDelegate.swift */,
				95A52EA0243486E200DE2865 /* SceneDelegate.swift */,
				95A52EA2243486E200DE2865 /* ContentView.swift */,
				95A52EA4243486E400DE2865 /* Assets.xcassets */,
				95A52EA9243486E400DE2865 /* LaunchScreen.storyboard */,
				95A52EAC243486E400DE2865 /* Info.plist */,
				95A52EA6243486E400DE2865 /* Preview Content */,
				95A52EB22434870E00DE2865 /* Constants.swift */,
				95A52EB42434889E00DE2865 /* ViewRouter.swift */,
				95A52EB8243489B900DE2865 /* MotherView.swift */,
				95A52EBA24348A2200DE2865 /* HomeView.swift */,
			);
			path = AutoValidatingTextFields;
			sourceTree = "<group>";
		};
		95A52EA6243486E400DE2865 /* Preview Content */ = {
			isa = PBXGroup;
			children = (
				95A52EA7243486E400DE2865 /* Preview Assets.xcassets */,
			);
			path = "Preview Content";
			sourceTree = "<group>";
		};
/* End PBXGroup section */

/* Begin PBXNativeTarget section */
		95A52E9A243486E200DE2865 /* AutoValidatingTextFields */ = {
			isa = PBXNativeTarget;
			buildConfigurationList = 95A52EAF243486E400DE2865 /* Build configuration list for PBXNativeTarget "AutoValidatingTextFields" */;
			buildPhases = (
				95A52E97243486E200DE2865 /* Sources */,
				95A52E98243486E200DE2865 /* Frameworks */,
				95A52E99243486E200DE2865 /* Resources */,
			);
			buildRules = (
			);
			dependencies = (
			);
			name = AutoValidatingTextFields;
			productName = AutoValidatingTextFields;
			productReference = 95A52E9B243486E200DE2865 /* AutoValidatingTextFields.app */;
			productType = "com.apple.product-type.application";
		};
/* End PBXNativeTarget section */

/* Begin PBXProject section */
		95A52E93243486E200DE2865 /* Project object */ = {
			isa = PBXProject;
			attributes = {
				LastSwiftUpdateCheck = 1140;
				LastUpgradeCheck = 1140;
				ORGANIZATIONNAME = com.ri;
				TargetAttributes = {
					95A52E9A243486E200DE2865 = {
						CreatedOnToolsVersion = 11.4;
					};
				};
			};
			buildConfigurationList = 95A52E96243486E200DE2865 /* Build configuration list for PBXProject "AutoValidatingTextFields" */;
			compatibilityVersion = "Xcode 9.3";
			developmentRegion = en;
			hasScannedForEncodings = 0;
			knownRegions = (
				en,
				Base,
			);
			mainGroup = 95A52E92243486E200DE2865;
			productRefGroup = 95A52E9C243486E200DE2865 /* Products */;
			projectDirPath = "";
			projectRoot = "";
			targets = (
				95A52E9A243486E200DE2865 /* AutoValidatingTextFields */,
			);
		};
/* End PBXProject section */

/* Begin PBXResourcesBuildPhase section */
		95A52E99243486E200DE2865 /* Resources */ = {
			isa = PBXResourcesBuildPhase;
			buildActionMask = 2147483647;
			files = (
				95A52EAB243486E400DE2865 /* LaunchScreen.storyboard in Resources */,
				95A52EA8243486E400DE2865 /* Preview Assets.xcassets in Resources */,
				95A52EA5243486E400DE2865 /* Assets.xcassets in Resources */,
			);
			runOnlyForDeploymentPostprocessing = 0;
		};
/* End PBXResourcesBuildPhase section */

/* Begin PBXSourcesBuildPhase section */
		95A52E97243486E200DE2865 /* Sources */ = {
			isa = PBXSourcesBuildPhase;
			buildActionMask = 2147483647;
			files = (
				95A52EB52434889E00DE2865 /* ViewRouter.swift in Sources */,
				95A52EBB24348A2200DE2865 /* HomeView.swift in Sources */,
				95A52EB9243489B900DE2865 /* MotherView.swift in Sources */,
				95A52E9F243486E200DE2865 /* AppDelegate.swift in Sources */,
				95A52EA1243486E200DE2865 /* SceneDelegate.swift in Sources */,
				95A52EA3243486E200DE2865 /* ContentView.swift in Sources */,
				95A52EB32434870E00DE2865 /* Constants.swift in Sources */,
			);
			runOnlyForDeploymentPostprocessing = 0;
		};
/* End PBXSourcesBuildPhase section */

/* Begin PBXVariantGroup section */
		95A52EA9243486E400DE2865 /* LaunchScreen.storyboard */ = {
			isa = PBXVariantGroup;
			children = (
				95A52EAA243486E400DE2865 /* Base */,
			);
			name = LaunchScreen.storyboard;
			sourceTree = "<group>";
		};
/* End PBXVariantGroup section */

/* Begin XCBuildConfiguration section */
		95A52EAD243486E400DE2865 /* Debug */ = {
			isa = XCBuildConfiguration;
			buildSettings = {
				ALWAYS_SEARCH_USER_PATHS = NO;
				CLANG_ANALYZER_NONNULL = YES;
				CLANG_ANALYZER_NUMBER_OBJECT_CONVERSION = YES_AGGRESSIVE;
				CLANG_CXX_LANGUAGE_STANDARD = "gnu++14";
				CLANG_CXX_LIBRARY = "libc++";
				CLANG_ENABLE_MODULES = YES;
				CLANG_ENABLE_OBJC_ARC = YES;
				CLANG_ENABLE_OBJC_WEAK = YES;
				CLANG_WARN_BLOCK_CAPTURE_AUTORELEASING = YES;
				CLANG_WARN_BOOL_CONVERSION = YES;
				CLANG_WARN_COMMA = YES;
				CLANG_WARN_CONSTANT_CONVERSION = YES;
				CLANG_WARN_DEPRECATED_OBJC_IMPLEMENTATIONS = YES;
				CLANG_WARN_DIRECT_OBJC_ISA_USAGE = YES_ERROR;
				CLANG_WARN_DOCUMENTATION_COMMENTS = YES;
				CLANG_WARN_EMPTY_BODY = YES;
				CLANG_WARN_ENUM_CONVERSION = YES;
				CLANG_WARN_INFINITE_RECURSION = YES;
				CLANG_WARN_INT_CONVERSION = YES;
				CLANG_WARN_NON_LITERAL_NULL_CONVERSION = YES;
				CLANG_WARN_OBJC_IMPLICIT_RETAIN_SELF = YES;
				CLANG_WARN_OBJC_LITERAL_CONVERSION = YES;
				CLANG_WARN_OBJC_ROOT_CLASS = YES_ERROR;
				CLANG_WARN_RANGE_LOOP_ANALYSIS = YES;
				CLANG_WARN_STRICT_PROTOTYPES = YES;
				CLANG_WARN_SUSPICIOUS_MOVE = YES;
				CLANG_WARN_UNGUARDED_AVAILABILITY = YES_AGGRESSIVE;
				CLANG_WARN_UNREACHABLE_CODE = YES;
				CLANG_WARN__DUPLICATE_METHOD_MATCH = YES;
				COPY_PHASE_STRIP = NO;
				DEBUG_INFORMATION_FORMAT = dwarf;
				ENABLE_STRICT_OBJC_MSGSEND = YES;
				ENABLE_TESTABILITY = YES;
				GCC_C_LANGUAGE_STANDARD = gnu11;
				GCC_DYNAMIC_NO_PIC = NO;
				GCC_NO_COMMON_BLOCKS = YES;
				GCC_OPTIMIZATION_LEVEL = 0;
				GCC_PREPROCESSOR_DEFINITIONS = (
					"DEBUG=1",
					"$(inherited)",
				);
				GCC_WARN_64_TO_32_BIT_CONVERSION = YES;
				GCC_WARN_ABOUT_RETURN_TYPE = YES_ERROR;
				GCC_WARN_UNDECLARED_SELECTOR = YES;
				GCC_WARN_UNINITIALIZED_AUTOS = YES_AGGRESSIVE;
				GCC_WARN_UNUSED_FUNCTION = YES;
				GCC_WARN_UNUSED_VARIABLE = YES;
				IPHONEOS_DEPLOYMENT_TARGET = 13.4;
				MTL_ENABLE_DEBUG_INFO = INCLUDE_SOURCE;
				MTL_FAST_MATH = YES;
				ONLY_ACTIVE_ARCH = YES;
				SDKROOT = iphoneos;
				SWIFT_ACTIVE_COMPILATION_CONDITIONS = DEBUG;
				SWIFT_OPTIMIZATION_LEVEL = "-Onone";
			};
			name = Debug;
		};
		95A52EAE243486E400DE2865 /* Release */ = {
			isa = XCBuildConfiguration;
			buildSettings = {
				ALWAYS_SEARCH_USER_PATHS = NO;
				CLANG_ANALYZER_NONNULL = YES;
				CLANG_ANALYZER_NUMBER_OBJECT_CONVERSION = YES_AGGRESSIVE;
				CLANG_CXX_LANGUAGE_STANDARD = "gnu++14";
				CLANG_CXX_LIBRARY = "libc++";
				CLANG_ENABLE_MODULES = YES;
				CLANG_ENABLE_OBJC_ARC = YES;
				CLANG_ENABLE_OBJC_WEAK = YES;
				CLANG_WARN_BLOCK_CAPTURE_AUTORELEASING = YES;
				CLANG_WARN_BOOL_CONVERSION = YES;
				CLANG_WARN_COMMA = YES;
				CLANG_WARN_CONSTANT_CONVERSION = YES;
				CLANG_WARN_DEPRECATED_OBJC_IMPLEMENTATIONS = YES;
				CLANG_WARN_DIRECT_OBJC_ISA_USAGE = YES_ERROR;
				CLANG_WARN_DOCUMENTATION_COMMENTS = YES;
				CLANG_WARN_EMPTY_BODY = YES;
				CLANG_WARN_ENUM_CONVERSION = YES;
				CLANG_WARN_INFINITE_RECURSION = YES;
				CLANG_WARN_INT_CONVERSION = YES;
				CLANG_WARN_NON_LITERAL_NULL_CONVERSION = YES;
				CLANG_WARN_OBJC_IMPLICIT_RETAIN_SELF = YES;
				CLANG_WARN_OBJC_LITERAL_CONVERSION = YES;
				CLANG_WARN_OBJC_ROOT_CLASS = YES_ERROR;
				CLANG_WARN_RANGE_LOOP_ANALYSIS = YES;
				CLANG_WARN_STRICT_PROTOTYPES = YES;
				CLANG_WARN_SUSPICIOUS_MOVE = YES;
				CLANG_WARN_UNGUARDED_AVAILABILITY = YES_AGGRESSIVE;
				CLANG_WARN_UNREACHABLE_CODE = YES;
				CLANG_WARN__DUPLICATE_METHOD_MATCH = YES;
				COPY_PHASE_STRIP = NO;
				DEBUG_INFORMATION_FORMAT = "dwarf-with-dsym";
				ENABLE_NS_ASSERTIONS = NO;
				ENABLE_STRICT_OBJC_MSGSEND = YES;
				GCC_C_LANGUAGE_STANDARD = gnu11;
				GCC_NO_COMMON_BLOCKS = YES;
				GCC_WARN_64_TO_32_BIT_CONVERSION = YES;
				GCC_WARN_ABOUT_RETURN_TYPE = YES_ERROR;
				GCC_WARN_UNDECLARED_SELECTOR = YES;
				GCC_WARN_UNINITIALIZED_AUTOS = YES_AGGRESSIVE;
				GCC_WARN_UNUSED_FUNCTION = YES;
				GCC_WARN_UNUSED_VARIABLE = YES;
				IPHONEOS_DEPLOYMENT_TARGET = 13.4;
				MTL_ENABLE_DEBUG_INFO = NO;
				MTL_FAST_MATH = YES;
				SDKROOT = iphoneos;
				SWIFT_COMPILATION_MODE = wholemodule;
				SWIFT_OPTIMIZATION_LEVEL = "-O";
				VALIDATE_PRODUCT = YES;
			};
			name = Release;
		};
		95A52EB0243486E400DE2865 /* Debug */ = {
			isa = XCBuildConfiguration;
			buildSettings = {
				ASSETCATALOG_COMPILER_APPICON_NAME = AppIcon;
				CODE_SIGN_STYLE = Automatic;
				DEVELOPMENT_ASSET_PATHS = "\"AutoValidatingTextFields/Preview Content\"";
				DEVELOPMENT_TEAM = L8W86DZDY2;
				ENABLE_PREVIEWS = YES;
				INFOPLIST_FILE = AutoValidatingTextFields/Info.plist;
				LD_RUNPATH_SEARCH_PATHS = (
					"$(inherited)",
					"@executable_path/Frameworks",
				);
				PRODUCT_BUNDLE_IDENTIFIER = com.ri.AutoValidatingTextFields;
				PRODUCT_NAME = "$(TARGET_NAME)";
				SWIFT_VERSION = 5.0;
				TARGETED_DEVICE_FAMILY = "1,2";
			};
			name = Debug;
		};
		95A52EB1243486E400DE2865 /* Release */ = {
			isa = XCBuildConfiguration;
			buildSettings = {
				ASSETCATALOG_COMPILER_APPICON_NAME = AppIcon;
				CODE_SIGN_STYLE = Automatic;
				DEVELOPMENT_ASSET_PATHS = "\"AutoValidatingTextFields/Preview Content\"";
				DEVELOPMENT_TEAM = L8W86DZDY2;
				ENABLE_PREVIEWS = YES;
				INFOPLIST_FILE = AutoValidatingTextFields/Info.plist;
				LD_RUNPATH_SEARCH_PATHS = (
					"$(inherited)",
					"@executable_path/Frameworks",
				);
				PRODUCT_BUNDLE_IDENTIFIER = com.ri.AutoValidatingTextFields;
				PRODUCT_NAME = "$(TARGET_NAME)";
				SWIFT_VERSION = 5.0;
				TARGETED_DEVICE_FAMILY = "1,2";
			};
			name = Release;
		};
/* End XCBuildConfiguration section */

/* Begin XCConfigurationList section */
		95A52E96243486E200DE2865 /* Build configuration list for PBXProject "AutoValidatingTextFields" */ = {
			isa = XCConfigurationList;
			buildConfigurations = (
				95A52EAD243486E400DE2865 /* Debug */,
				95A52EAE243486E400DE2865 /* Release */,
			);
			defaultConfigurationIsVisible = 0;
			defaultConfigurationName = Release;
		};
		95A52EAF243486E400DE2865 /* Build configuration list for PBXNativeTarget "AutoValidatingTextFields" */ = {
			isa = XCConfigurationList;
			buildConfigurations = (
				95A52EB0243486E400DE2865 /* Debug */,
				95A52EB1243486E400DE2865 /* Release */,
			);
			defaultConfigurationIsVisible = 0;
			defaultConfigurationName = Release;
		};
/* End XCConfigurationList section */
	};
	rootObject = 95A52E93243486E200DE2865 /* Project object */;
}
